{
    "version": 3,
    "terraform_version": "0.11.3",
    "serial": 8,
    "lineage": "0cdf5dd6-4dab-46e9-a538-7584d110cb93",
    "modules": [
        {
            "path": [
                "root"
            ],
            "outputs": {},
            "resources": {},
            "depends_on": []
        },
        {
            "path": [
                "root",
                "project"
            ],
            "outputs": {
                "folder-name": {
                    "sensitive": false,
                    "type": "string",
                    "value": "folders/48814803848"
                },
                "name": {
                    "sensitive": false,
                    "type": "string",
                    "value": "test-project-test"
                },
                "org_id": {
                    "sensitive": false,
                    "type": "string",
                    "value": "1070281113360"
                }
            },
            "resources": {
                "data.google_organization.thetaconsulting": {
                    "type": "google_organization",
                    "depends_on": [],
                    "primary": {
                        "id": "1070281113360",
                        "attributes": {
                            "create_time": "2018-05-03T14:39:51.766Z",
                            "directory_customer_id": "C01t2lwji",
                            "domain": "thetaconsulting.cloud",
                            "id": "1070281113360",
                            "lifecycle_state": "ACTIVE",
                            "name": "organizations/1070281113360"
                        },
                        "meta": {},
                        "tainted": false
                    },
                    "deposed": [],
                    "provider": "module.project.provider.google"
                },
                "google_folder.folder": {
                    "type": "google_folder",
                    "depends_on": [],
                    "primary": {
                        "id": "folders/48814803848",
                        "attributes": {
                            "create_time": "2018-05-07T13:29:53.773Z",
                            "display_name": "dev_test_projects",
                            "id": "folders/48814803848",
                            "lifecycle_state": "ACTIVE",
                            "name": "folders/48814803848",
                            "parent": "organizations/1070281113360"
                        },
                        "meta": {},
                        "tainted": false
                    },
                    "deposed": [],
                    "provider": "module.project.provider.google"
                },
                "random_id.id": {
                    "type": "random_id",
                    "depends_on": [],
                    "primary": {
                        "id": "tO8mpQ",
                        "attributes": {
                            "b64": "test-project-test-tO8mpQ",
                            "b64_std": "test-project-test-tO8mpQ==",
                            "b64_url": "test-project-test-tO8mpQ",
                            "byte_length": "4",
                            "dec": "test-project-test-3035571877",
                            "hex": "test-project-test-b4ef26a5",
                            "id": "tO8mpQ",
                            "prefix": "test-project-test-"
                        },
                        "meta": {},
                        "tainted": false
                    },
                    "deposed": [],
                    "provider": "provider.random"
                }
            },
            "depends_on": []
        }
    ]
}
